
Microsoft Visual Studio Solution File, Format Version 12.00
# Visual Studio Version 17
VisualStudioVersion = 17.5.002.0
MinimumVisualStudioVersion = 10.0.40219.1
Project("{9A19103F-16F7-4668-BE54-9A1E7A4F7556}") = "TP_SQL", "TP_SQL.csproj", "{276B7B58-C383-4D72-8A92-B582B4BE0C11}"
EndProject
Global
	GlobalSection(SolutionConfigurationPlatforms) = preSolution
		Debug|Any CPU = Debug|Any CPU
		Release|Any CPU = Release|Any CPU
	EndGlobalSection
	GlobalSection(ProjectConfigurationPlatforms) = postSolution
		{276B7B58-C383-4D72-8A92-B582B4BE0C11}.Debug|Any CPU.ActiveCfg = Debug|Any CPU
		{276B7B58-C383-4D72-8A92-B582B4BE0C11}.Debug|Any CPU.Build.0 = Debug|Any CPU
		{276B7B58-C383-4D72-8A92-B582B4BE0C11}.Release|Any CPU.ActiveCfg = Release|Any CPU
		{276B7B58-C383-4D72-8A92-B582B4BE0C11}.Release|Any CPU.Build.0 = Release|Any CPU
	EndGlobalSection
	GlobalSection(SolutionProperties) = preSolution
		HideSolutionNode = FALSE
	EndGlobalSection
	GlobalSection(ExtensibilityGlobals) = postSolution
		SolutionGuid = {C7888228-3E42-4569-AD65-8D0D6C8BB744}
	EndGlobalSection
EndGlobal
